
Microsoft Visual Studio Solution File, Format Version 12.00
# Visual Studio Version 17
VisualStudioVersion = 17.7.34221.43
MinimumVisualStudioVersion = 10.0.40219.1
Project("{FAE04EC0-301F-11D3-BF4B-00C04F79EFBC}") = "TetrisGameTest", "TetrisGameTest\TetrisGameTest.csproj", "{41F72DCB-452B-4174-8580-873ADA8E55D9}"
EndProject
Project("{2150E333-8FDC-42A3-9474-1A3956D46DE8}") = "Éléments de solution", "Éléments de solution", "{BDE84252-CEFF-43AE-B0A0-F1B6111DBB73}"
EndProject
Global
	GlobalSection(SolutionConfigurationPlatforms) = preSolution
		Debug|Any CPU = Debug|Any CPU
		Release|Any CPU = Release|Any CPU
	EndGlobalSection
	GlobalSection(ProjectConfigurationPlatforms) = postSolution
		{41F72DCB-452B-4174-8580-873ADA8E55D9}.Debug|Any CPU.ActiveCfg = Debug|Any CPU
		{41F72DCB-452B-4174-8580-873ADA8E55D9}.Debug|Any CPU.Build.0 = Debug|Any CPU
		{41F72DCB-452B-4174-8580-873ADA8E55D9}.Release|Any CPU.ActiveCfg = Release|Any CPU
		{41F72DCB-452B-4174-8580-873ADA8E55D9}.Release|Any CPU.Build.0 = Release|Any CPU
	EndGlobalSection
	GlobalSection(SolutionProperties) = preSolution
		HideSolutionNode = FALSE
	EndGlobalSection
	GlobalSection(ExtensibilityGlobals) = postSolution
		SolutionGuid = {02A6405E-AC5F-4405-9ABB-2054F762CDC4}
	EndGlobalSection
EndGlobal
